# THIS IS AN AUTOGENERATED FILE. DO NOT EDIT THIS FILE DIRECTLY.
# yarn lockfile v1


balanced-match@^1.0.0:
  version "1.0.0"
  resolved "https://registry.yarnpkg.com/balanced-match/-/balanced-match-1.0.0.tgz#89b4d199ab2bee49de164ea02b89ce462d71b767"
  integrity sha1-ibTRmasr7kneFk6gK4nORi1xt2c=

brace-expansion@^1.1.7:
  version "1.1.8"
  resolved "https://registry.yarnpkg.com/brace-expansion/-/brace-expansion-1.1.8.tgz#c07b211c7c952ec1f8efd51a77ef0d1d3990a292"
  integrity sha1-wHshHHyVLsH479Uad+8NHTmQopI=
  dependencies:
    balanced-match "^1.0.0"
    concat-map "0.0.1"

concat-map@0.0.1:
  version "0.0.1"
  resolved "https://registry.yarnpkg.com/concat-map/-/concat-map-0.0.1.tgz#d8a96bd77fd68df7793a73036a3ba0d5405d477b"
  integrity sha1-2Klr13/Wjfd5OnMDajug1UBdR3s=

minimatch@3.0.4:
  version "3.0.4"
  resolved "https://registry.yarnpkg.com/minimatch/-/minimatch-3.0.4.tgz#5166e286457f03306064be5497e8dbb0c3d32083"
  integrity sha512-yJHVQEhyqPLUTgt9B83PXu6W3rx4MvvHvSUvToogpwoGDOUQ+yDrR0HRot+yOCdCO7u4hX3pWft6kWBBcqh0UA==
  dependencies:
    brace-expansion "^1.1.7"

mockery@^1.7.0:
  version "1.7.0"
  resolved "https://registry.yarnpkg.com/mockery/-/mockery-1.7.0.tgz#f4ede0d8750c1c9727c272ea2c60629e2c9a1c4f"
  integrity sha1-9O3g2HUMHJcnwnLqLGBiniyaHE8=

q@^1.1.2:
  version "1.5.1"
  resolved "https://registry.yarnpkg.com/q/-/q-1.5.1.tgz#7e32f75b41381291d04611f1bf14109ac00651d7"
  integrity sha1-fjL3W0E4EpHQRhHxvxQQmsAGUdc=

semver@^5.1.0:
  version "5.4.1"
  resolved "https://registry.yarnpkg.com/semver/-/semver-5.4.1.tgz#e059c09d8571f0540823733433505d3a2f00b18e"
  integrity sha512-WfG/X9+oATh81XtllIo/I8gOiY9EXRdv1cQdyykeXK17YcUW3EXUAi2To4pcH6nZtJPr7ZOpM5OMyWJZm+8Rsg==

shelljs@^0.3.0:
  version "0.3.0"
  resolved "https://registry.yarnpkg.com/shelljs/-/shelljs-0.3.0.tgz#3596e6307a781544f591f37da618360f31db57b1"
  integrity sha1-NZbmMHp4FUT1kfN9phg2DzHbV7E=

tunnel@0.0.4:
  version "0.0.4"
  resolved "https://registry.yarnpkg.com/tunnel/-/tunnel-0.0.4.tgz#2d3785a158c174c9a16dc2c046ec5fc5f1742213"
  integrity sha1-LTeFoVjBdMmhbcLARuxfxfF0IhM=

typed-rest-client@^0.12.0:
  version "0.12.0"
  resolved "https://registry.yarnpkg.com/typed-rest-client/-/typed-rest-client-0.12.0.tgz#6376f5527f427da121dcafdfd7e41e1321e0720c"
  integrity sha1-Y3b1Un9CfaEh3K/f1+QeEyHgcgw=
  dependencies:
    tunnel "0.0.4"
    underscore "1.8.3"

underscore@1.8.3:
  version "1.8.3"
  resolved "https://registry.yarnpkg.com/underscore/-/underscore-1.8.3.tgz#4f3fb53b106e6097fcf9cb4109f2a5e9bdfa5022"
  integrity sha1-Tz+1OxBuYJf8+ctBCfKl6b36UCI=

uuid@^3.0.1:
  version "3.1.0"
  resolved "https://registry.yarnpkg.com/uuid/-/uuid-3.1.0.tgz#3dd3d3e790abc24d7b0d3a034ffababe28ebbc04"
  integrity sha512-DIWtzUkw04M4k3bf1IcpS2tngXEL26YUD2M0tMDUpnUrz2hgzUBlD55a4FjdLGPvfHxS6uluGWvaVEqgBcVa+g==

vso-node-api@6.5.0:
  version "6.5.0"
  resolved "https://registry.yarnpkg.com/vso-node-api/-/vso-node-api-6.5.0.tgz#5f3453f27d211b0fd54423c4c73116c1e8fea0c6"
  integrity sha512-hFjPLMJkq02zF8U+LhZ4airH0ivaiKzGdlNAQlYFB3lWuGH/UANUrl63DVPUQOyGw+7ZNQ+ufM44T6mWN92xyg==
  dependencies:
    tunnel "0.0.4"
    typed-rest-client "^0.12.0"
    underscore "1.8.3"

vsts-task-lib@2.7.0:
  version "2.7.0"
  resolved "https://registry.yarnpkg.com/vsts-task-lib/-/vsts-task-lib-2.7.0.tgz#742973d2e9d6ad2fc30b732061088cdb6c7d2709"
  integrity sha512-zQqgneIZG3VY84RoIzkQr07r9fDH3lPpj6Qp07K89co/vyFznWJYpkjcdxubQm1YvgNu/P0yWYLdDruHyGGdtA==
  dependencies:
    minimatch "3.0.4"
    mockery "^1.7.0"
    q "^1.1.2"
    semver "^5.1.0"
    shelljs "^0.3.0"
    uuid "^3.0.1"
